{
  "name": "second-try",
  "lockfileVersion": 2,
  "requires": true,
  "packages": {
    "": {
      "dependencies": {
        "sql-parser-cst": "^0.27.1"
      }
    },
    "node_modules/sql-parser-cst": {
      "version": "0.27.1",
      "resolved": "https://registry.npmjs.org/sql-parser-cst/-/sql-parser-cst-0.27.1.tgz",
      "integrity": "sha512-Tadqbv6MP6CARltKi9dzNEykw8rCUWilALS5gUnTCTYN7NA3KdcvrSoUNmL8uP/k+W8eY56tm3HP/XRy/Wq5Hg=="
    }
  },
  "dependencies": {
    "sql-parser-cst": {
      "version": "0.27.1",
      "resolved": "https://registry.npmjs.org/sql-parser-cst/-/sql-parser-cst-0.27.1.tgz",
      "integrity": "sha512-Tadqbv6MP6CARltKi9dzNEykw8rCUWilALS5gUnTCTYN7NA3KdcvrSoUNmL8uP/k+W8eY56tm3HP/XRy/Wq5Hg=="
    }
  }
}
